github.com/go-sql-driver/mysql v1.6.0 h1:BCTh4TKNUYmOmMUcQ3IipzF5prigylS7XXjEkfCHuOE=
github.com/go-sql-driver/mysql v1.6.0/go.mod h1:DCzpHaOWr8IXmIStZouvnhqoel9Qv2LBy8hT2VhHyBg=
github.com/whatap/go-api/common/io v0.0.0-20210915084428-9f2466c3bd79 h1:601y0BYpRmOaRyUJd/BhPI3z00eKucpJWXRPwtxv0fg=
github.com/whatap/go-api/common/io v0.0.0-20210915084428-9f2466c3bd79/go.mod h1:s1+rfUXyHE3etgifLWJ2VUfBH9q6d9ztd5l7cibQYYc=
github.com/whatap/go-api/common/lang/pack/udp v0.0.0-20210915084428-9f2466c3bd79 h1:ueisj/i4AJvmufIxUJbBh2uLvIF3ygqbQuAjwlPc4FE=
github.com/whatap/go-api/common/lang/pack/udp v0.0.0-20210915084428-9f2466c3bd79/go.mod h1:me3CZz6cvfy1JR946P9Mg/jsasWm92fMxPHk48bSdI4=
github.com/whatap/go-api/common/net v0.0.0-20210915084428-9f2466c3bd79 h1:hkagvPSAj1Ho1o3GWicjneGQh3wii8v0et85ZRipH2o=
github.com/whatap/go-api/common/net v0.0.0-20210915084428-9f2466c3bd79/go.mod h1:/ZNBc9SDny2UKiJzoFmVpUxkO41+rWPsHX+GxgHmfMs=
github.com/whatap/go-api/common/util/dateutil v0.0.0-20210915084428-9f2466c3bd79 h1:3KXWrvcJHWMKMOk0v2wVEVpr92E6HTFJz01n5K2Caf8=
github.com/whatap/go-api/common/util/dateutil v0.0.0-20210915084428-9f2466c3bd79/go.mod h1:lSs29NzyU19A2E20OMYPc4qL4QOGX9XGldSqbnRAiXg=
github.com/whatap/go-api/common/util/hash v0.0.0-20210915084428-9f2466c3bd79 h1:UVh1O+GwCiP2oVTBfAMw16q1EDrC4JnNw+/58seoJK0=
github.com/whatap/go-api/common/util/hash v0.0.0-20210915084428-9f2466c3bd79/go.mod h1:FQh0mvyJHExKVFGFm3jyGMeCFHEbjaZ/7VjAR8YTFQo=
github.com/whatap/go-api/common/util/hexa32 v0.0.0-20210915084428-9f2466c3bd79 h1:d+085SlHKkPPaZ0SCNbHA9rXfpxxaowhGz8ju3Vm1Fs=
github.com/whatap/go-api/common/util/hexa32 v0.0.0-20210915084428-9f2466c3bd79/go.mod h1:lYjKUC4/EKMlqaQ46Wk3HlJnTaOnj10jMEUJZrpuUg4=
github.com/whatap/go-api/common/util/keygen v0.0.0-20210915084428-9f2466c3bd79 h1:KGKFt5poiVzY1okRzeMPIx60g4fCm4yP3/f0NCvh6Hs=
github.com/whatap/go-api/common/util/keygen v0.0.0-20210915084428-9f2466c3bd79/go.mod h1:tQ0BO+8bUSyHOtfTSeubhmg7tw62I4EpwGSkIevPsIc=
github.com/whatap/go-api/common/util/paramtext v0.0.0-20210915084428-9f2466c3bd79 h1:6Mo9rub67tYUeuzKWZqsFGsgkgxvpEKCbXY0VKI/CeI=
github.com/whatap/go-api/common/util/paramtext v0.0.0-20210915084428-9f2466c3bd79/go.mod h1:xRxDuaOMStPm2p0abmnzkD7dILHUEE907M16oKuLAEI=
github.com/whatap/go-api/common/util/stringutil v0.0.0-20210915084428-9f2466c3bd79 h1:rld71m4Uld4xiTtWlkCdqoo0Lo9BcYSiw7PFUHXhsmk=
github.com/whatap/go-api/common/util/stringutil v0.0.0-20210915084428-9f2466c3bd79/go.mod h1:xAFVA9NHMIJDu9UZ+RoTWQLOTorVjDCWSU8/hZiUXPs=
github.com/whatap/go-api/common/util/urlutil v0.0.0-20210915084428-9f2466c3bd79 h1:+GWgumLsMFsLIK0kqfkAdGsOoGPOnEZW4qrzkNWeoKs=
github.com/whatap/go-api/common/util/urlutil v0.0.0-20210915084428-9f2466c3bd79/go.mod h1:M/I9rtmvUAlGNWTsxp94FyVKOgP1uXe+ACDbcPbmM/E=
github.com/whatap/go-api/config v0.0.0-20210915084428-9f2466c3bd79 h1:NEpOYFTFe2WP2X+WvC6nDVmbQ699OHLGBCCqyf4JH7s=
github.com/whatap/go-api/config v0.0.0-20210915084428-9f2466c3bd79/go.mod h1:+Z2pFkboUh8QHGnDWRPVhdiP4Y6FpvpjnWluURtTr8c=
github.com/whatap/go-api/httpc v0.0.0-20210915084428-9f2466c3bd79 h1:mdwBLIOrkAB960QVNeDI4v6Ar4LFUmoKPfX7z64hc8Q=
github.com/whatap/go-api/httpc v0.0.0-20210915084428-9f2466c3bd79/go.mod h1:rKlxM7KHA6TqqfMLQH8M6wh+MoiE0fcUrisJrhGkC4E=
github.com/whatap/go-api/method v0.0.0-20210915084428-9f2466c3bd79 h1:V9Ta3gr/WRiTawXCgifARuEnQyVgDjnHcGcI/m1HADs=
github.com/whatap/go-api/method v0.0.0-20210915084428-9f2466c3bd79/go.mod h1:mNWoqZxRU0GwHXJ+mYOQLtUiopD5P++uONZvwvwxhZQ=
github.com/whatap/go-api/sql v0.0.0-20210915084428-9f2466c3bd79 h1:IoZMtu+EVq3+CKRrUYWWkko0VR4KK5LlWgQWW1kGn1M=
github.com/whatap/go-api/sql v0.0.0-20210915084428-9f2466c3bd79/go.mod h1:o3xYdo2O/HDpTDKdT5uacHnC9+hyvz16nj9KzleMPXU=
github.com/whatap/go-api/trace v0.0.0-20210915084428-9f2466c3bd79 h1:aFSv4TXDNafCGqT+4HJIYnl1NZP4fcGyIli/vHEhJDw=
github.com/whatap/go-api/trace v0.0.0-20210915084428-9f2466c3bd79/go.mod h1:7v38EWF39oE6KSJHoAfGpHGOp9wxHV4iXmaoz+EVCV8=
golang.org/x/text v0.3.7 h1:olpwvP2KacW1ZWvsR7uQhoyTYvKAupfQrRGBFM352Gk=
golang.org/x/text v0.3.7/go.mod h1:u+2+/6zg+i71rQMx5EYifcz6MCKuco9NR6JIITiCfzQ=
golang.org/x/tools v0.0.0-20180917221912-90fa682c2a6e/go.mod h1:n7NCudcB/nEzxVGmLbDWY5pfWTLqBcC2KZ6jyYvM4mQ=
